github.com/fsnotify/fsnotify v1.6.0 h1:n+5WquG0fcWoWp6xPWfHdbskMCQaFnG6PfBrh1Ky4HY=
github.com/fsnotify/fsnotify v1.6.0/go.mod h1:sl3t1tCWJFWoRz9R8WJCbQihKKwmorjAbSClcnxKAGw=
github.com/go-sql-driver/mysql v1.7.0/go.mod h1:OXbVy3sEdcQ2Doequ6Z5BW6fXNQTmx+9S1MCJN5yJMI=
github.com/go-sql-driver/mysql v1.7.1 h1:lUIinVbN1DY0xBg0eMOzmmtGoHwWBbvnWubQUrtU8EI=
github.com/go-sql-driver/mysql v1.7.1/go.mod h1:OXbVy3sEdcQ2Doequ6Z5BW6fXNQTmx+9S1MCJN5yJMI=
github.com/golang-jwt/jwt v3.2.2+incompatible h1:IfV12K8xAKAnZqdXVzCZ+TOjboZ2keLg81eXfW3O+oY=
github.com/golang-jwt/jwt v3.2.2+incompatible/go.mod h1:8pz2t5EyA70fFQQSrl6XZXzqecmYZeUEB8OUGHkxJ+I=
github.com/golang-jwt/jwt/v5 v5.0.0 h1:1n1XNM9hk7O9mnQoNBGolZvzebBQ7p93ULHRc28XJUE=
github.com/golang-jwt/jwt/v5 v5.0.0/go.mod h1:pqrtFR0X4osieyHYxtmOUWsAWrfe1Q5UVIyoH402zdk=
github.com/help-me-someone/scalable-p2-db v0.0.0-20231018033356-c3cabeb5fda7 h1:7bmSSRq0j1uOpAPFbJtc3md8hgvPwWYCABjSoaRY3d0=
github.com/help-me-someone/scalable-p2-db v0.0.0-20231018033356-c3cabeb5fda7/go.mod h1:BTOiq+BRnS0Z63IffLN6ZENZ/6hkqAPkZc6fdt7merU=
github.com/help-me-someone/scalable-p2-db v0.0.0-20231019025632-a887850fc9ca h1:uY91SMzmhF3rBWpur2dLclcx2qhPhLe8LY10ibqcU8E=
github.com/help-me-someone/scalable-p2-db v0.0.0-20231019025632-a887850fc9ca/go.mod h1:BTOiq+BRnS0Z63IffLN6ZENZ/6hkqAPkZc6fdt7merU=
github.com/help-me-someone/scalable-p2-db v0.0.0-20231024085821-ce65958ae4fe h1:19FKZGetESHm6geHECUWBjV9bcd0Efmw/2fOfT003e4=
github.com/help-me-someone/scalable-p2-db v0.0.0-20231024085821-ce65958ae4fe/go.mod h1:BTOiq+BRnS0Z63IffLN6ZENZ/6hkqAPkZc6fdt7merU=
github.com/help-me-someone/scalable-p2-db v0.0.0-20231024091338-5d0ca58d4cb1 h1:IBSml4Su47+NTcOKClC/DaebvnoPn/Io3LxMWfFWCqI=
github.com/help-me-someone/scalable-p2-db v0.0.0-20231024091338-5d0ca58d4cb1/go.mod h1:BTOiq+BRnS0Z63IffLN6ZENZ/6hkqAPkZc6fdt7merU=
github.com/help-me-someone/scalable-p2-db v0.0.0-20231113074714-f302c13e3e2a h1:uw6YuldLN6r/dacKUiMd80756l7B6yvBWgQ3NhI3MxA=
github.com/help-me-someone/scalable-p2-db v0.0.0-20231113074714-f302c13e3e2a/go.mod h1:BTOiq+BRnS0Z63IffLN6ZENZ/6hkqAPkZc6fdt7merU=
github.com/help-me-someone/scalable-p2-db v0.0.0-20231113154021-daedd8a3c1e2 h1:hbJ0i0L0dzP1JaBcVECO3jHx/xcqMXhyBAJdTc4NZ74=
github.com/help-me-someone/scalable-p2-db v0.0.0-20231113154021-daedd8a3c1e2/go.mod h1:BTOiq+BRnS0Z63IffLN6ZENZ/6hkqAPkZc6fdt7merU=
github.com/help-me-someone/scalable-p2-db v0.0.0-20231113170922-dbee0cb9c1d4 h1:smbmpTg/T5nNjAsGtYkmYeurc589ICdn2T16U7WHsQk=
github.com/help-me-someone/scalable-p2-db v0.0.0-20231113170922-dbee0cb9c1d4/go.mod h1:BTOiq+BRnS0Z63IffLN6ZENZ/6hkqAPkZc6fdt7merU=
github.com/help-me-someone/scalable-p2-db v0.0.0-20231115081131-a17ca3f0284c h1:jPv+WsxEQex1SeGUtmSLSDxF2UILAj3MK8FRwr+NAcE=
github.com/help-me-someone/scalable-p2-db v0.0.0-20231115081131-a17ca3f0284c/go.mod h1:BTOiq+BRnS0Z63IffLN6ZENZ/6hkqAPkZc6fdt7merU=
github.com/jinzhu/inflection v1.0.0 h1:K317FqzuhWc8YvSVlFMCCUb36O/S9MCKRDI7QkRKD/E=
github.com/jinzhu/inflection v1.0.0/go.mod h1:h+uFLlag+Qp1Va5pdKtLDYj+kHp5pxUVkryuEj+Srlc=
github.com/jinzhu/now v1.1.5 h1:/o9tlHleP7gOFmsnYNz3RGnqzefHA47wQpKrrdTIwXQ=
github.com/jinzhu/now v1.1.5/go.mod h1:d3SSVoowX0Lcu0IBviAWJpolVfI5UJVZZ7cO71lE/z8=
github.com/julienschmidt/httprouter v1.3.0 h1:U0609e9tgbseu3rBINet9P48AI/D3oJs4dN7jwJOQ1U=
github.com/julienschmidt/httprouter v1.3.0/go.mod h1:JR6WtHb+2LUe8TCKY3cZOxFyyO8IZAc4RVcycCCAKdM=
github.com/rs/cors v1.10.1 h1:L0uuZVXIKlI1SShY2nhFfo44TYvDPQ1w4oFkUJNfhyo=
github.com/rs/cors v1.10.1/go.mod h1:XyqrcTp5zjWr1wsJ8PIRZssZ8b/WMcMf71DJnit4EMU=
github.com/unrolled/render v1.6.0 h1:CMhr7HKRAzVI1RltKSo8JMRaokFi60ObV9I5uSxETJE=
github.com/unrolled/render v1.6.0/go.mod h1:NoaP3JGGHcYDAqu6gTDz01E2TMqBybJ8dpR6qqRBVPQ=
golang.org/x/sys v0.0.0-20220908164124-27713097b956 h1:XeJjHH1KiLpKGb6lvMiksZ9l0fVUh+AmGcm0nOMEBOY=
golang.org/x/sys v0.0.0-20220908164124-27713097b956/go.mod h1:oPkhp1MJrh7nUepCBck5+mAzfO9JrbApNNgaTdGDITg=
gorm.io/driver/mysql v1.5.2 h1:QC2HRskSE75wBuOxe0+iCkyJZ+RqpudsQtqkp+IMuXs=
gorm.io/driver/mysql v1.5.2/go.mod h1:pQLhh1Ut/WUAySdTHwBpBv6+JKcj+ua4ZFx1QQTBzb8=
gorm.io/gorm v1.25.2-0.20230530020048-26663ab9bf55/go.mod h1:L4uxeKpfBml98NYqVqwAdmV1a2nBtAec/cf3fpucW/k=
gorm.io/gorm v1.25.5 h1:zR9lOiiYf09VNh5Q1gphfyia1JpiClIWG9hQaxB/mls=
gorm.io/gorm v1.25.5/go.mod h1:hbnx/Oo0ChWMn1BIhpy1oYozzpM15i4YPuHDmfYtwg8=
